
Microsoft Visual Studio Solution File, Format Version 12.00
# Visual Studio Version 17
VisualStudioVersion = 17.11.35327.3
MinimumVisualStudioVersion = 10.0.40219.1
Project("{FAE04EC0-301F-11D3-BF4B-00C04F79EFBC}") = "Assignments 3.1.5", "Assignments 3.1.5.csproj", "{B5822F7D-AF30-4938-87C3-6E5F29F6E868}"
EndProject
Global
	GlobalSection(SolutionConfigurationPlatforms) = preSolution
		Debug|Any CPU = Debug|Any CPU
		Release|Any CPU = Release|Any CPU
	EndGlobalSection
	GlobalSection(ProjectConfigurationPlatforms) = postSolution
		{B5822F7D-AF30-4938-87C3-6E5F29F6E868}.Debug|Any CPU.ActiveCfg = Debug|Any CPU
		{B5822F7D-AF30-4938-87C3-6E5F29F6E868}.Debug|Any CPU.Build.0 = Debug|Any CPU
		{B5822F7D-AF30-4938-87C3-6E5F29F6E868}.Release|Any CPU.ActiveCfg = Release|Any CPU
		{B5822F7D-AF30-4938-87C3-6E5F29F6E868}.Release|Any CPU.Build.0 = Release|Any CPU
	EndGlobalSection
	GlobalSection(SolutionProperties) = preSolution
		HideSolutionNode = FALSE
	EndGlobalSection
	GlobalSection(ExtensibilityGlobals) = postSolution
		SolutionGuid = {75A1DE1F-C44D-47E3-B9BD-8B92DB013193}
	EndGlobalSection
EndGlobal
